
Microsoft Visual Studio Solution File, Format Version 12.00
# Visual Studio Version 17
VisualStudioVersion = 17.5.002.0
MinimumVisualStudioVersion = 10.0.40219.1
Project("{9A19103F-16F7-4668-BE54-9A1E7A4F7556}") = "CovidDataApi", "CovidDataApi\CovidDataApi.csproj", "{99326796-87CF-4FAE-BEAE-E9E0D44F096E}"
EndProject
Global
	GlobalSection(SolutionConfigurationPlatforms) = preSolution
		Debug|Any CPU = Debug|Any CPU
		Release|Any CPU = Release|Any CPU
	EndGlobalSection
	GlobalSection(ProjectConfigurationPlatforms) = postSolution
		{99326796-87CF-4FAE-BEAE-E9E0D44F096E}.Debug|Any CPU.ActiveCfg = Debug|Any CPU
		{99326796-87CF-4FAE-BEAE-E9E0D44F096E}.Debug|Any CPU.Build.0 = Debug|Any CPU
		{99326796-87CF-4FAE-BEAE-E9E0D44F096E}.Release|Any CPU.ActiveCfg = Release|Any CPU
		{99326796-87CF-4FAE-BEAE-E9E0D44F096E}.Release|Any CPU.Build.0 = Release|Any CPU
	EndGlobalSection
	GlobalSection(SolutionProperties) = preSolution
		HideSolutionNode = FALSE
	EndGlobalSection
	GlobalSection(ExtensibilityGlobals) = postSolution
		SolutionGuid = {122CBA34-A9A5-4E89-AF31-ACAF7846F6F6}
	EndGlobalSection
EndGlobal
